
Microsoft Visual Studio Solution File, Format Version 12.00
# Visual Studio Version 17
VisualStudioVersion = 17.3.32825.248
MinimumVisualStudioVersion = 10.0.40219.1
Project("{9A19103F-16F7-4668-BE54-9A1E7A4F7556}") = "WPFValueConverter", "WPFValueConverter\WPFValueConverter.csproj", "{644ED362-F7E5-4530-B2F7-8F535453474A}"
EndProject
Project("{FAE04EC0-301F-11D3-BF4B-00C04F79EFBC}") = "StaticAndDynamicResource", "StaticAndDynamicResource\StaticAndDynamicResource.csproj", "{D9B6E0D1-DCE6-467F-9B4E-8AADA6FD6980}"
EndProject
Global
	GlobalSection(SolutionConfigurationPlatforms) = preSolution
		Debug|Any CPU = Debug|Any CPU
		Release|Any CPU = Release|Any CPU
	EndGlobalSection
	GlobalSection(ProjectConfigurationPlatforms) = postSolution
		{644ED362-F7E5-4530-B2F7-8F535453474A}.Debug|Any CPU.ActiveCfg = Debug|Any CPU
		{644ED362-F7E5-4530-B2F7-8F535453474A}.Debug|Any CPU.Build.0 = Debug|Any CPU
		{644ED362-F7E5-4530-B2F7-8F535453474A}.Release|Any CPU.ActiveCfg = Release|Any CPU
		{644ED362-F7E5-4530-B2F7-8F535453474A}.Release|Any CPU.Build.0 = Release|Any CPU
		{D9B6E0D1-DCE6-467F-9B4E-8AADA6FD6980}.Debug|Any CPU.ActiveCfg = Debug|Any CPU
		{D9B6E0D1-DCE6-467F-9B4E-8AADA6FD6980}.Debug|Any CPU.Build.0 = Debug|Any CPU
		{D9B6E0D1-DCE6-467F-9B4E-8AADA6FD6980}.Release|Any CPU.ActiveCfg = Release|Any CPU
		{D9B6E0D1-DCE6-467F-9B4E-8AADA6FD6980}.Release|Any CPU.Build.0 = Release|Any CPU
	EndGlobalSection
	GlobalSection(SolutionProperties) = preSolution
		HideSolutionNode = FALSE
	EndGlobalSection
	GlobalSection(ExtensibilityGlobals) = postSolution
		SolutionGuid = {7BF46069-13B9-4A9A-BFE3-8A2F4DC132BA}
	EndGlobalSection
EndGlobal
